
Microsoft Visual Studio Solution File, Format Version 12.00
# Visual Studio Version 17
VisualStudioVersion = 17.10.35027.167
MinimumVisualStudioVersion = 10.0.40219.1
Project("{E24C65DC-7377-472B-9ABA-BC803B73C61A}") = "kemooproject", "kemooproject\", "{5EC0E47E-3DE3-4BE6-AC81-4CC73E4F38D6}"
	ProjectSection(WebsiteProperties) = preProject
		TargetFrameworkMoniker = ".NETFramework,Version%3Dv4.7.2"
		Debug.AspNetCompiler.VirtualPath = "/localhost_52700"
		Debug.AspNetCompiler.PhysicalPath = "kemooproject\"
		Debug.AspNetCompiler.TargetPath = "PrecompiledWeb\localhost_52700\"
		Debug.AspNetCompiler.Updateable = "true"
		Debug.AspNetCompiler.ForceOverwrite = "true"
		Debug.AspNetCompiler.FixedNames = "false"
		Debug.AspNetCompiler.Debug = "True"
		Release.AspNetCompiler.VirtualPath = "/localhost_52700"
		Release.AspNetCompiler.PhysicalPath = "kemooproject\"
		Release.AspNetCompiler.TargetPath = "PrecompiledWeb\localhost_52700\"
		Release.AspNetCompiler.Updateable = "true"
		Release.AspNetCompiler.ForceOverwrite = "true"
		Release.AspNetCompiler.FixedNames = "false"
		Release.AspNetCompiler.Debug = "False"
		VWDPort = "52700"
		SlnRelativePath = "kemooproject\"
		DefaultWebSiteLanguage = "Visual C#"
	EndProjectSection
EndProject
Global
	GlobalSection(SolutionConfigurationPlatforms) = preSolution
		Debug|Any CPU = Debug|Any CPU
	EndGlobalSection
	GlobalSection(ProjectConfigurationPlatforms) = postSolution
		{5EC0E47E-3DE3-4BE6-AC81-4CC73E4F38D6}.Debug|Any CPU.ActiveCfg = Debug|Any CPU
		{5EC0E47E-3DE3-4BE6-AC81-4CC73E4F38D6}.Debug|Any CPU.Build.0 = Debug|Any CPU
	EndGlobalSection
	GlobalSection(SolutionProperties) = preSolution
		HideSolutionNode = FALSE
	EndGlobalSection
	GlobalSection(ExtensibilityGlobals) = postSolution
		SolutionGuid = {E78AE583-E82F-4A6E-9BD2-2199ACF5CA4F}
	EndGlobalSection
EndGlobal
